// !$*UTF8*$!
{
	archiveVersion = 1;
	classes = {
	};
	objectVersion = 55;
	objects = {

/* Begin PBXBuildFile section */
		202665C627A04FA9009DB94A /* SortHotelViewController.swift in Sources */ = {isa = PBXBuildFile; fileRef = 202665C527A04FA9009DB94A /* SortHotelViewController.swift */; };
		203B076F27915F0E005C8AFB /* UIImage + Extension.swift in Sources */ = {isa = PBXBuildFile; fileRef = 203B076E27915F0E005C8AFB /* UIImage + Extension.swift */; };
		20658EB32796BBC700184FD1 /* ApiManager.swift in Sources */ = {isa = PBXBuildFile; fileRef = 20658EB22796BBC700184FD1 /* ApiManager.swift */; };
		206F38C2278F1E5D00227437 /* UIStackView + Extension.swift in Sources */ = {isa = PBXBuildFile; fileRef = 206F38C1278F1E5D00227437 /* UIStackView + Extension.swift */; };
		206F38C9278F1EC500227437 /* UILabel + Extension.swift in Sources */ = {isa = PBXBuildFile; fileRef = 206F38C4278F1EC500227437 /* UILabel + Extension.swift */; };
		206F38CA278F1EC500227437 /* UIButton + Extension.swift in Sources */ = {isa = PBXBuildFile; fileRef = 206F38C5278F1EC500227437 /* UIButton + Extension.swift */; };
		206F38CB278F1EC500227437 /* UIImageView + Extension.swift in Sources */ = {isa = PBXBuildFile; fileRef = 206F38C6278F1EC500227437 /* UIImageView + Extension.swift */; };
		206F38CC278F1EC500227437 /* UIColor + Extension.swift in Sources */ = {isa = PBXBuildFile; fileRef = 206F38C7278F1EC500227437 /* UIColor + Extension.swift */; };
		206F38CD278F1EC500227437 /* UIFont + Extension.swift in Sources */ = {isa = PBXBuildFile; fileRef = 206F38C8278F1EC500227437 /* UIFont + Extension.swift */; };
		206F38CF278F1F1900227437 /* NetworkManager.swift in Sources */ = {isa = PBXBuildFile; fileRef = 206F38CE278F1F1900227437 /* NetworkManager.swift */; };
		209B4F06278F5B510091EC89 /* HotelViewCell.swift in Sources */ = {isa = PBXBuildFile; fileRef = 209B4F05278F5B510091EC89 /* HotelViewCell.swift */; };
		209B4F08278F5C100091EC89 /* DetailInformationViewController.swift in Sources */ = {isa = PBXBuildFile; fileRef = 209B4F07278F5C100091EC89 /* DetailInformationViewController.swift */; };
		209FF13927A315F3002AF186 /* ImageManager.swift in Sources */ = {isa = PBXBuildFile; fileRef = 209FF13827A315F3002AF186 /* ImageManager.swift */; };
		20C16862278F1A970059CCF3 /* AppDelegate.swift in Sources */ = {isa = PBXBuildFile; fileRef = 20C16861278F1A970059CCF3 /* AppDelegate.swift */; };
		20C16864278F1A970059CCF3 /* SceneDelegate.swift in Sources */ = {isa = PBXBuildFile; fileRef = 20C16863278F1A970059CCF3 /* SceneDelegate.swift */; };
		20C1686B278F1A990059CCF3 /* Assets.xcassets in Resources */ = {isa = PBXBuildFile; fileRef = 20C1686A278F1A990059CCF3 /* Assets.xcassets */; };
		20C1686E278F1A990059CCF3 /* LaunchScreen.storyboard in Resources */ = {isa = PBXBuildFile; fileRef = 20C1686C278F1A990059CCF3 /* LaunchScreen.storyboard */; };
		20C16876278F1AFB0059CCF3 /* Hotel.swift in Sources */ = {isa = PBXBuildFile; fileRef = 20C16875278F1AFB0059CCF3 /* Hotel.swift */; };
		20C1687A278F1BE90059CCF3 /* HotelsListViewController.swift in Sources */ = {isa = PBXBuildFile; fileRef = 20C16879278F1BE90059CCF3 /* HotelsListViewController.swift */; };
		20D9750C279F0BB900B18939 /* CustomButton.swift in Sources */ = {isa = PBXBuildFile; fileRef = 20D9750B279F0BB900B18939 /* CustomButton.swift */; };
		20D9750E279F135700B18939 /* MapScreenViewController.swift in Sources */ = {isa = PBXBuildFile; fileRef = 20D9750D279F135700B18939 /* MapScreenViewController.swift */; };
		20DE6A5A2799D65D001591D8 /* NetworkError.swift in Sources */ = {isa = PBXBuildFile; fileRef = 20DE6A592799D65D001591D8 /* NetworkError.swift */; };
		B136DF5F59AE869AD597EA02 /* Pods_UIKit_Hotels.framework in Frameworks */ = {isa = PBXBuildFile; fileRef = 8AAFFB4D3ECEB02802F29C50 /* Pods_UIKit_Hotels.framework */; };
/* End PBXBuildFile section */

/* Begin PBXFileReference section */
		202665C527A04FA9009DB94A /* SortHotelViewController.swift */ = {isa = PBXFileReference; lastKnownFileType = sourcecode.swift; path = SortHotelViewController.swift; sourceTree = "<group>"; };
		203B076E27915F0E005C8AFB /* UIImage + Extension.swift */ = {isa = PBXFileReference; lastKnownFileType = sourcecode.swift; path = "UIImage + Extension.swift"; sourceTree = "<group>"; };
		20658EB22796BBC700184FD1 /* ApiManager.swift */ = {isa = PBXFileReference; lastKnownFileType = sourcecode.swift; path = ApiManager.swift; sourceTree = "<group>"; };
		206F38C1278F1E5D00227437 /* UIStackView + Extension.swift */ = {isa = PBXFileReference; lastKnownFileType = sourcecode.swift; path = "UIStackView + Extension.swift"; sourceTree = "<group>"; };
		206F38C4278F1EC500227437 /* UILabel + Extension.swift */ = {isa = PBXFileReference; fileEncoding = 4; lastKnownFileType = sourcecode.swift; path = "UILabel + Extension.swift"; sourceTree = "<group>"; };
		206F38C5278F1EC500227437 /* UIButton + Extension.swift */ = {isa = PBXFileReference; fileEncoding = 4; lastKnownFileType = sourcecode.swift; path = "UIButton + Extension.swift"; sourceTree = "<group>"; };
		206F38C6278F1EC500227437 /* UIImageView + Extension.swift */ = {isa = PBXFileReference; fileEncoding = 4; lastKnownFileType = sourcecode.swift; path = "UIImageView + Extension.swift"; sourceTree = "<group>"; };
		206F38C7278F1EC500227437 /* UIColor + Extension.swift */ = {isa = PBXFileReference; fileEncoding = 4; lastKnownFileType = sourcecode.swift; path = "UIColor + Extension.swift"; sourceTree = "<group>"; };
		206F38C8278F1EC500227437 /* UIFont + Extension.swift */ = {isa = PBXFileReference; fileEncoding = 4; lastKnownFileType = sourcecode.swift; path = "UIFont + Extension.swift"; sourceTree = "<group>"; };
		206F38CE278F1F1900227437 /* NetworkManager.swift */ = {isa = PBXFileReference; lastKnownFileType = sourcecode.swift; path = NetworkManager.swift; sourceTree = "<group>"; };
		209B4F05278F5B510091EC89 /* HotelViewCell.swift */ = {isa = PBXFileReference; lastKnownFileType = sourcecode.swift; path = HotelViewCell.swift; sourceTree = "<group>"; };
		209B4F07278F5C100091EC89 /* DetailInformationViewController.swift */ = {isa = PBXFileReference; lastKnownFileType = sourcecode.swift; path = DetailInformationViewController.swift; sourceTree = "<group>"; };
		209FF13827A315F3002AF186 /* ImageManager.swift */ = {isa = PBXFileReference; lastKnownFileType = sourcecode.swift; path = ImageManager.swift; sourceTree = "<group>"; };
		20C1685E278F1A970059CCF3 /* UIKit-Hotels.app */ = {isa = PBXFileReference; explicitFileType = wrapper.application; includeInIndex = 0; path = "UIKit-Hotels.app"; sourceTree = BUILT_PRODUCTS_DIR; };
		20C16861278F1A970059CCF3 /* AppDelegate.swift */ = {isa = PBXFileReference; lastKnownFileType = sourcecode.swift; path = AppDelegate.swift; sourceTree = "<group>"; };
		20C16863278F1A970059CCF3 /* SceneDelegate.swift */ = {isa = PBXFileReference; lastKnownFileType = sourcecode.swift; path = SceneDelegate.swift; sourceTree = "<group>"; };
		20C1686A278F1A990059CCF3 /* Assets.xcassets */ = {isa = PBXFileReference; lastKnownFileType = folder.assetcatalog; path = Assets.xcassets; sourceTree = "<group>"; };
		20C1686D278F1A990059CCF3 /* Base */ = {isa = PBXFileReference; lastKnownFileType = file.storyboard; name = Base; path = Base.lproj/LaunchScreen.storyboard; sourceTree = "<group>"; };
		20C1686F278F1A990059CCF3 /* Info.plist */ = {isa = PBXFileReference; lastKnownFileType = text.plist.xml; path = Info.plist; sourceTree = "<group>"; };
		20C16875278F1AFB0059CCF3 /* Hotel.swift */ = {isa = PBXFileReference; lastKnownFileType = sourcecode.swift; path = Hotel.swift; sourceTree = "<group>"; };
		20C16879278F1BE90059CCF3 /* HotelsListViewController.swift */ = {isa = PBXFileReference; lastKnownFileType = sourcecode.swift; path = HotelsListViewController.swift; sourceTree = "<group>"; };
		20D9750B279F0BB900B18939 /* CustomButton.swift */ = {isa = PBXFileReference; lastKnownFileType = sourcecode.swift; path = CustomButton.swift; sourceTree = "<group>"; };
		20D9750D279F135700B18939 /* MapScreenViewController.swift */ = {isa = PBXFileReference; lastKnownFileType = sourcecode.swift; path = MapScreenViewController.swift; sourceTree = "<group>"; };
		20DE6A592799D65D001591D8 /* NetworkError.swift */ = {isa = PBXFileReference; lastKnownFileType = sourcecode.swift; path = NetworkError.swift; sourceTree = "<group>"; };
		5E86653750D68AEE2154300B /* Pods-UIKit-Hotels.debug.xcconfig */ = {isa = PBXFileReference; includeInIndex = 1; lastKnownFileType = text.xcconfig; name = "Pods-UIKit-Hotels.debug.xcconfig"; path = "Target Support Files/Pods-UIKit-Hotels/Pods-UIKit-Hotels.debug.xcconfig"; sourceTree = "<group>"; };
		71765DE4876DF72DF20893F7 /* Pods-UIKit-Hotels.release.xcconfig */ = {isa = PBXFileReference; includeInIndex = 1; lastKnownFileType = text.xcconfig; name = "Pods-UIKit-Hotels.release.xcconfig"; path = "Target Support Files/Pods-UIKit-Hotels/Pods-UIKit-Hotels.release.xcconfig"; sourceTree = "<group>"; };
		8AAFFB4D3ECEB02802F29C50 /* Pods_UIKit_Hotels.framework */ = {isa = PBXFileReference; explicitFileType = wrapper.framework; includeInIndex = 0; path = Pods_UIKit_Hotels.framework; sourceTree = BUILT_PRODUCTS_DIR; };
/* End PBXFileReference section */

/* Begin PBXFrameworksBuildPhase section */
		20C1685B278F1A970059CCF3 /* Frameworks */ = {
			isa = PBXFrameworksBuildPhase;
			buildActionMask = 2147483647;
			files = (
				B136DF5F59AE869AD597EA02 /* Pods_UIKit_Hotels.framework in Frameworks */,
			);
			runOnlyForDeploymentPostprocessing = 0;
		};
/* End PBXFrameworksBuildPhase section */

/* Begin PBXGroup section */
		206F38C3278F1E7600227437 /* Extensions */ = {
			isa = PBXGroup;
			children = (
				20D9750B279F0BB900B18939 /* CustomButton.swift */,
				209B4F09278F5E510091EC89 /* UIKit */,
			);
			path = Extensions;
			sourceTree = "<group>";
		};
		206F38D0278F1F8F00227437 /* Services */ = {
			isa = PBXGroup;
			children = (
				206F38CE278F1F1900227437 /* NetworkManager.swift */,
				209FF13827A315F3002AF186 /* ImageManager.swift */,
				20658EB22796BBC700184FD1 /* ApiManager.swift */,
			);
			path = Services;
			sourceTree = "<group>";
		};
		209B4F09278F5E510091EC89 /* UIKit */ = {
			isa = PBXGroup;
			children = (
				206F38C1278F1E5D00227437 /* UIStackView + Extension.swift */,
				206F38C5278F1EC500227437 /* UIButton + Extension.swift */,
				206F38C7278F1EC500227437 /* UIColor + Extension.swift */,
				206F38C8278F1EC500227437 /* UIFont + Extension.swift */,
				206F38C6278F1EC500227437 /* UIImageView + Extension.swift */,
				206F38C4278F1EC500227437 /* UILabel + Extension.swift */,
				203B076E27915F0E005C8AFB /* UIImage + Extension.swift */,
			);
			path = UIKit;
			sourceTree = "<group>";
		};
		209B4F0A278F5EB60091EC89 /* SupportingFiles */ = {
			isa = PBXGroup;
			children = (
				20C16861278F1A970059CCF3 /* AppDelegate.swift */,
				20C16863278F1A970059CCF3 /* SceneDelegate.swift */,
				20C1686F278F1A990059CCF3 /* Info.plist */,
			);
			path = SupportingFiles;
			sourceTree = "<group>";
		};
		20C16855278F1A970059CCF3 = {
			isa = PBXGroup;
			children = (
				20C16860278F1A970059CCF3 /* UIKit-Hotels */,
				20C1685F278F1A970059CCF3 /* Products */,
				2A55BF706AF5C1F283B470FD /* Pods */,
				82B2A72E3FA086401C1C9929 /* Frameworks */,
			);
			sourceTree = "<group>";
		};
		20C1685F278F1A970059CCF3 /* Products */ = {
			isa = PBXGroup;
			children = (
				20C1685E278F1A970059CCF3 /* UIKit-Hotels.app */,
			);
			name = Products;
			sourceTree = "<group>";
		};
		20C16860278F1A970059CCF3 /* UIKit-Hotels */ = {
			isa = PBXGroup;
			children = (
				209B4F0A278F5EB60091EC89 /* SupportingFiles */,
				20C1687B278F1BF00059CCF3 /* Model */,
				20C1687C278F1C040059CCF3 /* Modules */,
				206F38D0278F1F8F00227437 /* Services */,
				206F38C3278F1E7600227437 /* Extensions */,
				20C1686A278F1A990059CCF3 /* Assets.xcassets */,
				20C1686C278F1A990059CCF3 /* LaunchScreen.storyboard */,
			);
			path = "UIKit-Hotels";
			sourceTree = "<group>";
		};
		20C1687B278F1BF00059CCF3 /* Model */ = {
			isa = PBXGroup;
			children = (
				20C16875278F1AFB0059CCF3 /* Hotel.swift */,
				20DE6A5B2799D660001591D8 /* Errors */,
			);
			path = Model;
			sourceTree = "<group>";
		};
		20C1687C278F1C040059CCF3 /* Modules */ = {
			isa = PBXGroup;
			children = (
				20C16879278F1BE90059CCF3 /* HotelsListViewController.swift */,
				209B4F05278F5B510091EC89 /* HotelViewCell.swift */,
				202665C527A04FA9009DB94A /* SortHotelViewController.swift */,
				209B4F07278F5C100091EC89 /* DetailInformationViewController.swift */,
				20D9750D279F135700B18939 /* MapScreenViewController.swift */,
			);
			path = Modules;
			sourceTree = "<group>";
		};
		20DE6A5B2799D660001591D8 /* Errors */ = {
			isa = PBXGroup;
			children = (
				20DE6A592799D65D001591D8 /* NetworkError.swift */,
			);
			path = Errors;
			sourceTree = "<group>";
		};
		2A55BF706AF5C1F283B470FD /* Pods */ = {
			isa = PBXGroup;
			children = (
				5E86653750D68AEE2154300B /* Pods-UIKit-Hotels.debug.xcconfig */,
				71765DE4876DF72DF20893F7 /* Pods-UIKit-Hotels.release.xcconfig */,
			);
			path = Pods;
			sourceTree = "<group>";
		};
		82B2A72E3FA086401C1C9929 /* Frameworks */ = {
			isa = PBXGroup;
			children = (
				8AAFFB4D3ECEB02802F29C50 /* Pods_UIKit_Hotels.framework */,
			);
			name = Frameworks;
			sourceTree = "<group>";
		};
/* End PBXGroup section */

/* Begin PBXNativeTarget section */
		20C1685D278F1A970059CCF3 /* UIKit-Hotels */ = {
			isa = PBXNativeTarget;
			buildConfigurationList = 20C16872278F1A990059CCF3 /* Build configuration list for PBXNativeTarget "UIKit-Hotels" */;
			buildPhases = (
				5787180E961EE8842D2153E5 /* [CP] Check Pods Manifest.lock */,
				20C1685A278F1A970059CCF3 /* Sources */,
				20C1685B278F1A970059CCF3 /* Frameworks */,
				20C1685C278F1A970059CCF3 /* Resources */,
				E816EE738AD21CCFC59E28E9 /* [CP] Embed Pods Frameworks */,
			);
			buildRules = (
			);
			dependencies = (
			);
			name = "UIKit-Hotels";
			productName = "UIKit-Hotels";
			productReference = 20C1685E278F1A970059CCF3 /* UIKit-Hotels.app */;
			productType = "com.apple.product-type.application";
		};
/* End PBXNativeTarget section */

/* Begin PBXProject section */
		20C16856278F1A970059CCF3 /* Project object */ = {
			isa = PBXProject;
			attributes = {
				BuildIndependentTargetsInParallel = 1;
				LastSwiftUpdateCheck = 1310;
				LastUpgradeCheck = 1310;
				TargetAttributes = {
					20C1685D278F1A970059CCF3 = {
						CreatedOnToolsVersion = 13.1;
					};
				};
			};
			buildConfigurationList = 20C16859278F1A970059CCF3 /* Build configuration list for PBXProject "UIKit-Hotels" */;
			compatibilityVersion = "Xcode 13.0";
			developmentRegion = en;
			hasScannedForEncodings = 0;
			knownRegions = (
				en,
				Base,
			);
			mainGroup = 20C16855278F1A970059CCF3;
			productRefGroup = 20C1685F278F1A970059CCF3 /* Products */;
			projectDirPath = "";
			projectRoot = "";
			targets = (
				20C1685D278F1A970059CCF3 /* UIKit-Hotels */,
			);
		};
/* End PBXProject section */

/* Begin PBXResourcesBuildPhase section */
		20C1685C278F1A970059CCF3 /* Resources */ = {
			isa = PBXResourcesBuildPhase;
			buildActionMask = 2147483647;
			files = (
				20C1686E278F1A990059CCF3 /* LaunchScreen.storyboard in Resources */,
				20C1686B278F1A990059CCF3 /* Assets.xcassets in Resources */,
			);
			runOnlyForDeploymentPostprocessing = 0;
		};
/* End PBXResourcesBuildPhase section */

/* Begin PBXShellScriptBuildPhase section */
		5787180E961EE8842D2153E5 /* [CP] Check Pods Manifest.lock */ = {
			isa = PBXShellScriptBuildPhase;
			buildActionMask = 2147483647;
			files = (
			);
			inputFileListPaths = (
			);
			inputPaths = (
				"${PODS_PODFILE_DIR_PATH}/Podfile.lock",
				"${PODS_ROOT}/Manifest.lock",
			);
			name = "[CP] Check Pods Manifest.lock";
			outputFileListPaths = (
			);
			outputPaths = (
				"$(DERIVED_FILE_DIR)/Pods-UIKit-Hotels-checkManifestLockResult.txt",
			);
			runOnlyForDeploymentPostprocessing = 0;
			shellPath = /bin/sh;
			shellScript = "diff \"${PODS_PODFILE_DIR_PATH}/Podfile.lock\" \"${PODS_ROOT}/Manifest.lock\" > /dev/null\nif [ $? != 0 ] ; then\n    # print error to STDERR\n    echo \"error: The sandbox is not in sync with the Podfile.lock. Run 'pod install' or update your CocoaPods installation.\" >&2\n    exit 1\nfi\n# This output is used by Xcode 'outputs' to avoid re-running this script phase.\necho \"SUCCESS\" > \"${SCRIPT_OUTPUT_FILE_0}\"\n";
			showEnvVarsInLog = 0;
		};
		E816EE738AD21CCFC59E28E9 /* [CP] Embed Pods Frameworks */ = {
			isa = PBXShellScriptBuildPhase;
			buildActionMask = 2147483647;
			files = (
			);
			inputFileListPaths = (
				"${PODS_ROOT}/Target Support Files/Pods-UIKit-Hotels/Pods-UIKit-Hotels-frameworks-${CONFIGURATION}-input-files.xcfilelist",
			);
			name = "[CP] Embed Pods Frameworks";
			outputFileListPaths = (
				"${PODS_ROOT}/Target Support Files/Pods-UIKit-Hotels/Pods-UIKit-Hotels-frameworks-${CONFIGURATION}-output-files.xcfilelist",
			);
			runOnlyForDeploymentPostprocessing = 0;
			shellPath = /bin/sh;
			shellScript = "\"${PODS_ROOT}/Target Support Files/Pods-UIKit-Hotels/Pods-UIKit-Hotels-frameworks.sh\"\n";
			showEnvVarsInLog = 0;
		};
/* End PBXShellScriptBuildPhase section */

/* Begin PBXSourcesBuildPhase section */
		20C1685A278F1A970059CCF3 /* Sources */ = {
			isa = PBXSourcesBuildPhase;
			buildActionMask = 2147483647;
			files = (
				206F38CD278F1EC500227437 /* UIFont + Extension.swift in Sources */,
				20DE6A5A2799D65D001591D8 /* NetworkError.swift in Sources */,
				206F38CC278F1EC500227437 /* UIColor + Extension.swift in Sources */,
				20658EB32796BBC700184FD1 /* ApiManager.swift in Sources */,
				206F38C9278F1EC500227437 /* UILabel + Extension.swift in Sources */,
				20C1687A278F1BE90059CCF3 /* HotelsListViewController.swift in Sources */,
				206F38CF278F1F1900227437 /* NetworkManager.swift in Sources */,
				20C16862278F1A970059CCF3 /* AppDelegate.swift in Sources */,
				209B4F08278F5C100091EC89 /* DetailInformationViewController.swift in Sources */,
				206F38CA278F1EC500227437 /* UIButton + Extension.swift in Sources */,
				203B076F27915F0E005C8AFB /* UIImage + Extension.swift in Sources */,
				209FF13927A315F3002AF186 /* ImageManager.swift in Sources */,
				206F38CB278F1EC500227437 /* UIImageView + Extension.swift in Sources */,
				20C16876278F1AFB0059CCF3 /* Hotel.swift in Sources */,
				20D9750C279F0BB900B18939 /* CustomButton.swift in Sources */,
				209B4F06278F5B510091EC89 /* HotelViewCell.swift in Sources */,
				206F38C2278F1E5D00227437 /* UIStackView + Extension.swift in Sources */,
				20C16864278F1A970059CCF3 /* SceneDelegate.swift in Sources */,
				202665C627A04FA9009DB94A /* SortHotelViewController.swift in Sources */,
				20D9750E279F135700B18939 /* MapScreenViewController.swift in Sources */,
			);
			runOnlyForDeploymentPostprocessing = 0;
		};
/* End PBXSourcesBuildPhase section */

/* Begin PBXVariantGroup section */
		20C1686C278F1A990059CCF3 /* LaunchScreen.storyboard */ = {
			isa = PBXVariantGroup;
			children = (
				20C1686D278F1A990059CCF3 /* Base */,
			);
			name = LaunchScreen.storyboard;
			sourceTree = "<group>";
		};
/* End PBXVariantGroup section */

/* Begin XCBuildConfiguration section */
		20C16870278F1A990059CCF3 /* Debug */ = {
			isa = XCBuildConfiguration;
			buildSettings = {
				ALWAYS_SEARCH_USER_PATHS = NO;
				CLANG_ANALYZER_NONNULL = YES;
				CLANG_ANALYZER_NUMBER_OBJECT_CONVERSION = YES_AGGRESSIVE;
				CLANG_CXX_LANGUAGE_STANDARD = "gnu++17";
				CLANG_CXX_LIBRARY = "libc++";
				CLANG_ENABLE_MODULES = YES;
				CLANG_ENABLE_OBJC_ARC = YES;
				CLANG_ENABLE_OBJC_WEAK = YES;
				CLANG_WARN_BLOCK_CAPTURE_AUTORELEASING = YES;
				CLANG_WARN_BOOL_CONVERSION = YES;
				CLANG_WARN_COMMA = YES;
				CLANG_WARN_CONSTANT_CONVERSION = YES;
				CLANG_WARN_DEPRECATED_OBJC_IMPLEMENTATIONS = YES;
				CLANG_WARN_DIRECT_OBJC_ISA_USAGE = YES_ERROR;
				CLANG_WARN_DOCUMENTATION_COMMENTS = YES;
				CLANG_WARN_EMPTY_BODY = YES;
				CLANG_WARN_ENUM_CONVERSION = YES;
				CLANG_WARN_INFINITE_RECURSION = YES;
				CLANG_WARN_INT_CONVERSION = YES;
				CLANG_WARN_NON_LITERAL_NULL_CONVERSION = YES;
				CLANG_WARN_OBJC_IMPLICIT_RETAIN_SELF = YES;
				CLANG_WARN_OBJC_LITERAL_CONVERSION = YES;
				CLANG_WARN_OBJC_ROOT_CLASS = YES_ERROR;
				CLANG_WARN_QUOTED_INCLUDE_IN_FRAMEWORK_HEADER = YES;
				CLANG_WARN_RANGE_LOOP_ANALYSIS = YES;
				CLANG_WARN_STRICT_PROTOTYPES = YES;
				CLANG_WARN_SUSPICIOUS_MOVE = YES;
				CLANG_WARN_UNGUARDED_AVAILABILITY = YES_AGGRESSIVE;
				CLANG_WARN_UNREACHABLE_CODE = YES;
				CLANG_WARN__DUPLICATE_METHOD_MATCH = YES;
				COPY_PHASE_STRIP = NO;
				DEBUG_INFORMATION_FORMAT = dwarf;
				ENABLE_STRICT_OBJC_MSGSEND = YES;
				ENABLE_TESTABILITY = YES;
				GCC_C_LANGUAGE_STANDARD = gnu11;
				GCC_DYNAMIC_NO_PIC = NO;
				GCC_NO_COMMON_BLOCKS = YES;
				GCC_OPTIMIZATION_LEVEL = 0;
				GCC_PREPROCESSOR_DEFINITIONS = (
					"DEBUG=1",
					"$(inherited)",
				);
				GCC_WARN_64_TO_32_BIT_CONVERSION = YES;
				GCC_WARN_ABOUT_RETURN_TYPE = YES_ERROR;
				GCC_WARN_UNDECLARED_SELECTOR = YES;
				GCC_WARN_UNINITIALIZED_AUTOS = YES_AGGRESSIVE;
				GCC_WARN_UNUSED_FUNCTION = YES;
				GCC_WARN_UNUSED_VARIABLE = YES;
				IPHONEOS_DEPLOYMENT_TARGET = 13.1;
				MTL_ENABLE_DEBUG_INFO = INCLUDE_SOURCE;
				MTL_FAST_MATH = YES;
				ONLY_ACTIVE_ARCH = YES;
				SDKROOT = iphoneos;
				SWIFT_ACTIVE_COMPILATION_CONDITIONS = DEBUG;
				SWIFT_OPTIMIZATION_LEVEL = "-Onone";
			};
			name = Debug;
		};
		20C16871278F1A990059CCF3 /* Release */ = {
			isa = XCBuildConfiguration;
			buildSettings = {
				ALWAYS_SEARCH_USER_PATHS = NO;
				CLANG_ANALYZER_NONNULL = YES;
				CLANG_ANALYZER_NUMBER_OBJECT_CONVERSION = YES_AGGRESSIVE;
				CLANG_CXX_LANGUAGE_STANDARD = "gnu++17";
				CLANG_CXX_LIBRARY = "libc++";
				CLANG_ENABLE_MODULES = YES;
				CLANG_ENABLE_OBJC_ARC = YES;
				CLANG_ENABLE_OBJC_WEAK = YES;
				CLANG_WARN_BLOCK_CAPTURE_AUTORELEASING = YES;
				CLANG_WARN_BOOL_CONVERSION = YES;
				CLANG_WARN_COMMA = YES;
				CLANG_WARN_CONSTANT_CONVERSION = YES;
				CLANG_WARN_DEPRECATED_OBJC_IMPLEMENTATIONS = YES;
				CLANG_WARN_DIRECT_OBJC_ISA_USAGE = YES_ERROR;
				CLANG_WARN_DOCUMENTATION_COMMENTS = YES;
				CLANG_WARN_EMPTY_BODY = YES;
				CLANG_WARN_ENUM_CONVERSION = YES;
				CLANG_WARN_INFINITE_RECURSION = YES;
				CLANG_WARN_INT_CONVERSION = YES;
				CLANG_WARN_NON_LITERAL_NULL_CONVERSION = YES;
				CLANG_WARN_OBJC_IMPLICIT_RETAIN_SELF = YES;
				CLANG_WARN_OBJC_LITERAL_CONVERSION = YES;
				CLANG_WARN_OBJC_ROOT_CLASS = YES_ERROR;
				CLANG_WARN_QUOTED_INCLUDE_IN_FRAMEWORK_HEADER = YES;
				CLANG_WARN_RANGE_LOOP_ANALYSIS = YES;
				CLANG_WARN_STRICT_PROTOTYPES = YES;
				CLANG_WARN_SUSPICIOUS_MOVE = YES;
				CLANG_WARN_UNGUARDED_AVAILABILITY = YES_AGGRESSIVE;
				CLANG_WARN_UNREACHABLE_CODE = YES;
				CLANG_WARN__DUPLICATE_METHOD_MATCH = YES;
				COPY_PHASE_STRIP = NO;
				DEBUG_INFORMATION_FORMAT = "dwarf-with-dsym";
				ENABLE_NS_ASSERTIONS = NO;
				ENABLE_STRICT_OBJC_MSGSEND = YES;
				GCC_C_LANGUAGE_STANDARD = gnu11;
				GCC_NO_COMMON_BLOCKS = YES;
				GCC_WARN_64_TO_32_BIT_CONVERSION = YES;
				GCC_WARN_ABOUT_RETURN_TYPE = YES_ERROR;
				GCC_WARN_UNDECLARED_SELECTOR = YES;
				GCC_WARN_UNINITIALIZED_AUTOS = YES_AGGRESSIVE;
				GCC_WARN_UNUSED_FUNCTION = YES;
				GCC_WARN_UNUSED_VARIABLE = YES;
				IPHONEOS_DEPLOYMENT_TARGET = 13.1;
				MTL_ENABLE_DEBUG_INFO = NO;
				MTL_FAST_MATH = YES;
				SDKROOT = iphoneos;
				SWIFT_COMPILATION_MODE = wholemodule;
				SWIFT_OPTIMIZATION_LEVEL = "-O";
				VALIDATE_PRODUCT = YES;
			};
			name = Release;
		};
		20C16873278F1A990059CCF3 /* Debug */ = {
			isa = XCBuildConfiguration;
			baseConfigurationReference = 5E86653750D68AEE2154300B /* Pods-UIKit-Hotels.debug.xcconfig */;
			buildSettings = {
				ASSETCATALOG_COMPILER_APPICON_NAME = AppIcon;
				ASSETCATALOG_COMPILER_GLOBAL_ACCENT_COLOR_NAME = AccentColor;
				CODE_SIGN_STYLE = Automatic;
				CURRENT_PROJECT_VERSION = 1;
				DEVELOPMENT_TEAM = L3S8MU2XD5;
				GENERATE_INFOPLIST_FILE = YES;
				INFOPLIST_FILE = "UIKit-Hotels/SupportingFiles/Info.plist";
				INFOPLIST_KEY_UIApplicationSupportsIndirectInputEvents = YES;
				INFOPLIST_KEY_UILaunchStoryboardName = LaunchScreen;
				INFOPLIST_KEY_UISupportedInterfaceOrientations = UIInterfaceOrientationPortrait;
				INFOPLIST_KEY_UISupportedInterfaceOrientations_iPad = "UIInterfaceOrientationPortrait UIInterfaceOrientationPortraitUpsideDown UIInterfaceOrientationLandscapeLeft UIInterfaceOrientationLandscapeRight";
				INFOPLIST_KEY_UISupportedInterfaceOrientations_iPhone = "UIInterfaceOrientationPortrait UIInterfaceOrientationLandscapeLeft UIInterfaceOrientationLandscapeRight";
				IPHONEOS_DEPLOYMENT_TARGET = 13.1;
				LD_RUNPATH_SEARCH_PATHS = (
					"$(inherited)",
					"@executable_path/Frameworks",
				);
				MARKETING_VERSION = 1.0;
				PRODUCT_BUNDLE_IDENTIFIER = "J.K.Developer.UIKit-Hotels";
				PRODUCT_NAME = "$(TARGET_NAME)";
				SWIFT_EMIT_LOC_STRINGS = YES;
				SWIFT_VERSION = 5.0;
				TARGETED_DEVICE_FAMILY = 1;
			};
			name = Debug;
		};
		20C16874278F1A990059CCF3 /* Release */ = {
			isa = XCBuildConfiguration;
			baseConfigurationReference = 71765DE4876DF72DF20893F7 /* Pods-UIKit-Hotels.release.xcconfig */;
			buildSettings = {
				ASSETCATALOG_COMPILER_APPICON_NAME = AppIcon;
				ASSETCATALOG_COMPILER_GLOBAL_ACCENT_COLOR_NAME = AccentColor;
				CODE_SIGN_STYLE = Automatic;
				CURRENT_PROJECT_VERSION = 1;
				DEVELOPMENT_TEAM = L3S8MU2XD5;
				GENERATE_INFOPLIST_FILE = YES;
				INFOPLIST_FILE = "UIKit-Hotels/SupportingFiles/Info.plist";
				INFOPLIST_KEY_UIApplicationSupportsIndirectInputEvents = YES;
				INFOPLIST_KEY_UILaunchStoryboardName = LaunchScreen;
				INFOPLIST_KEY_UISupportedInterfaceOrientations = UIInterfaceOrientationPortrait;
				INFOPLIST_KEY_UISupportedInterfaceOrientations_iPad = "UIInterfaceOrientationPortrait UIInterfaceOrientationPortraitUpsideDown UIInterfaceOrientationLandscapeLeft UIInterfaceOrientationLandscapeRight";
				INFOPLIST_KEY_UISupportedInterfaceOrientations_iPhone = "UIInterfaceOrientationPortrait UIInterfaceOrientationLandscapeLeft UIInterfaceOrientationLandscapeRight";
				IPHONEOS_DEPLOYMENT_TARGET = 13.1;
				LD_RUNPATH_SEARCH_PATHS = (
					"$(inherited)",
					"@executable_path/Frameworks",
				);
				MARKETING_VERSION = 1.0;
				PRODUCT_BUNDLE_IDENTIFIER = "J.K.Developer.UIKit-Hotels";
				PRODUCT_NAME = "$(TARGET_NAME)";
				SWIFT_EMIT_LOC_STRINGS = YES;
				SWIFT_VERSION = 5.0;
				TARGETED_DEVICE_FAMILY = 1;
			};
			name = Release;
		};
/* End XCBuildConfiguration section */

/* Begin XCConfigurationList section */
		20C16859278F1A970059CCF3 /* Build configuration list for PBXProject "UIKit-Hotels" */ = {
			isa = XCConfigurationList;
			buildConfigurations = (
				20C16870278F1A990059CCF3 /* Debug */,
				20C16871278F1A990059CCF3 /* Release */,
			);
			defaultConfigurationIsVisible = 0;
			defaultConfigurationName = Release;
		};
		20C16872278F1A990059CCF3 /* Build configuration list for PBXNativeTarget "UIKit-Hotels" */ = {
			isa = XCConfigurationList;
			buildConfigurations = (
				20C16873278F1A990059CCF3 /* Debug */,
				20C16874278F1A990059CCF3 /* Release */,
			);
			defaultConfigurationIsVisible = 0;
			defaultConfigurationName = Release;
		};
/* End XCConfigurationList section */
	};
	rootObject = 20C16856278F1A970059CCF3 /* Project object */;
}
